
Microsoft Visual Studio Solution File, Format Version 12.00
# Visual Studio Version 16
VisualStudioVersion = 25.0.1700.0
MinimumVisualStudioVersion = 10.0.40219.1
Project("{FAE04EC0-301F-11D3-BF4B-00C04F79EFBC}") = "QoiDotnetCli", "QoiDotnetCli\QoiDotnetCli.csproj", "{BE0EC6C8-0806-454A-9D5C-E498076C1C89}"
EndProject
Project("{FAE04EC0-301F-11D3-BF4B-00C04F79EFBC}") = "QoiDotnet", "QoiDotnet\QoiDotnet.csproj", "{AFBFB98A-5AC6-42FE-B9EB-C22208B41AA1}"
EndProject
Global
	GlobalSection(SolutionConfigurationPlatforms) = preSolution
		Debug|Any CPU = Debug|Any CPU
		Release|Any CPU = Release|Any CPU
	EndGlobalSection
	GlobalSection(ProjectConfigurationPlatforms) = postSolution
		{BE0EC6C8-0806-454A-9D5C-E498076C1C89}.Debug|Any CPU.ActiveCfg = Debug|Any CPU
		{BE0EC6C8-0806-454A-9D5C-E498076C1C89}.Debug|Any CPU.Build.0 = Debug|Any CPU
		{BE0EC6C8-0806-454A-9D5C-E498076C1C89}.Release|Any CPU.ActiveCfg = Release|Any CPU
		{BE0EC6C8-0806-454A-9D5C-E498076C1C89}.Release|Any CPU.Build.0 = Release|Any CPU
		{AFBFB98A-5AC6-42FE-B9EB-C22208B41AA1}.Debug|Any CPU.ActiveCfg = Debug|Any CPU
		{AFBFB98A-5AC6-42FE-B9EB-C22208B41AA1}.Debug|Any CPU.Build.0 = Debug|Any CPU
		{AFBFB98A-5AC6-42FE-B9EB-C22208B41AA1}.Release|Any CPU.ActiveCfg = Release|Any CPU
		{AFBFB98A-5AC6-42FE-B9EB-C22208B41AA1}.Release|Any CPU.Build.0 = Release|Any CPU
	EndGlobalSection
	GlobalSection(SolutionProperties) = preSolution
		HideSolutionNode = FALSE
	EndGlobalSection
	GlobalSection(ExtensibilityGlobals) = postSolution
		SolutionGuid = {1F22809C-5613-431C-8BE7-2B0C893611D2}
	EndGlobalSection
EndGlobal
